// !$*UTF8*$!
{
	archiveVersion = 1;
	classes = {
	};
	objectVersion = 46;
	objects = {

/* Begin PBXBuildFile section */
		E87593D61EAEF7B200FE3ABA /* Operators.cpp in Sources */ = {isa = PBXBuildFile; fileRef = E87593D41EAEF7B200FE3ABA /* Operators.cpp */; };
		E87593DA1EAF05E600FE3ABA /* Conditionals.cpp in Sources */ = {isa = PBXBuildFile; fileRef = E87593D81EAF05E600FE3ABA /* Conditionals.cpp */; };
		E87593DD1EAFA7D000FE3ABA /* Arrays.cpp in Sources */ = {isa = PBXBuildFile; fileRef = E87593DB1EAFA7D000FE3ABA /* Arrays.cpp */; };
		E8BC5FAE1EAECD6C003C6472 /* main.cpp in Sources */ = {isa = PBXBuildFile; fileRef = E8BC5FAD1EAECD6C003C6472 /* main.cpp */; };
/* End PBXBuildFile section */

/* Begin PBXCopyFilesBuildPhase section */
		E8BC5FA81EAECD6C003C6472 /* CopyFiles */ = {
			isa = PBXCopyFilesBuildPhase;
			buildActionMask = 2147483647;
			dstPath = /usr/share/man/man1/;
			dstSubfolderSpec = 0;
			files = (
			);
			runOnlyForDeploymentPostprocessing = 1;
		};
/* End PBXCopyFilesBuildPhase section */

/* Begin PBXFileReference section */
		E87593D41EAEF7B200FE3ABA /* Operators.cpp */ = {isa = PBXFileReference; fileEncoding = 4; lastKnownFileType = sourcecode.cpp.cpp; path = Operators.cpp; sourceTree = "<group>"; };
		E87593D71EAEF81900FE3ABA /* Operators.h */ = {isa = PBXFileReference; lastKnownFileType = sourcecode.c.h; path = Operators.h; sourceTree = "<group>"; };
		E87593D81EAF05E600FE3ABA /* Conditionals.cpp */ = {isa = PBXFileReference; fileEncoding = 4; lastKnownFileType = sourcecode.cpp.cpp; path = Conditionals.cpp; sourceTree = "<group>"; };
		E87593D91EAF05E600FE3ABA /* Conditionals.hpp */ = {isa = PBXFileReference; fileEncoding = 4; lastKnownFileType = sourcecode.cpp.h; path = Conditionals.hpp; sourceTree = "<group>"; };
		E87593DB1EAFA7D000FE3ABA /* Arrays.cpp */ = {isa = PBXFileReference; fileEncoding = 4; lastKnownFileType = sourcecode.cpp.cpp; path = Arrays.cpp; sourceTree = "<group>"; };
		E87593DC1EAFA7D000FE3ABA /* Arrays.hpp */ = {isa = PBXFileReference; fileEncoding = 4; lastKnownFileType = sourcecode.cpp.h; path = Arrays.hpp; sourceTree = "<group>"; };
		E8BC5FAA1EAECD6C003C6472 /* CPP */ = {isa = PBXFileReference; explicitFileType = "compiled.mach-o.executable"; includeInIndex = 0; path = CPP; sourceTree = BUILT_PRODUCTS_DIR; };
		E8BC5FAD1EAECD6C003C6472 /* main.cpp */ = {isa = PBXFileReference; lastKnownFileType = sourcecode.cpp.cpp; path = main.cpp; sourceTree = "<group>"; };
/* End PBXFileReference section */

/* Begin PBXFrameworksBuildPhase section */
		E8BC5FA71EAECD6C003C6472 /* Frameworks */ = {
			isa = PBXFrameworksBuildPhase;
			buildActionMask = 2147483647;
			files = (
			);
			runOnlyForDeploymentPostprocessing = 0;
		};
/* End PBXFrameworksBuildPhase section */

/* Begin PBXGroup section */
		E8BC5FA11EAECD6C003C6472 = {
			isa = PBXGroup;
			children = (
				E8BC5FAC1EAECD6C003C6472 /* CPP */,
				E8BC5FAB1EAECD6C003C6472 /* Products */,
			);
			sourceTree = "<group>";
		};
		E8BC5FAB1EAECD6C003C6472 /* Products */ = {
			isa = PBXGroup;
			children = (
				E8BC5FAA1EAECD6C003C6472 /* CPP */,
			);
			name = Products;
			sourceTree = "<group>";
		};
		E8BC5FAC1EAECD6C003C6472 /* CPP */ = {
			isa = PBXGroup;
			children = (
				E8BC5FAD1EAECD6C003C6472 /* main.cpp */,
				E87593D41EAEF7B200FE3ABA /* Operators.cpp */,
				E87593D71EAEF81900FE3ABA /* Operators.h */,
				E87593D81EAF05E600FE3ABA /* Conditionals.cpp */,
				E87593D91EAF05E600FE3ABA /* Conditionals.hpp */,
				E87593DB1EAFA7D000FE3ABA /* Arrays.cpp */,
				E87593DC1EAFA7D000FE3ABA /* Arrays.hpp */,
			);
			path = CPP;
			sourceTree = "<group>";
		};
/* End PBXGroup section */

/* Begin PBXNativeTarget section */
		E8BC5FA91EAECD6C003C6472 /* CPP */ = {
			isa = PBXNativeTarget;
			buildConfigurationList = E8BC5FB11EAECD6C003C6472 /* Build configuration list for PBXNativeTarget "CPP" */;
			buildPhases = (
				E8BC5FA61EAECD6C003C6472 /* Sources */,
				E8BC5FA71EAECD6C003C6472 /* Frameworks */,
				E8BC5FA81EAECD6C003C6472 /* CopyFiles */,
			);
			buildRules = (
			);
			dependencies = (
			);
			name = CPP;
			productName = CPP;
			productReference = E8BC5FAA1EAECD6C003C6472 /* CPP */;
			productType = "com.apple.product-type.tool";
		};
/* End PBXNativeTarget section */

/* Begin PBXProject section */
		E8BC5FA21EAECD6C003C6472 /* Project object */ = {
			isa = PBXProject;
			attributes = {
				LastUpgradeCheck = 0820;
				ORGANIZATIONNAME = "Jeremy Shefer";
				TargetAttributes = {
					E8BC5FA91EAECD6C003C6472 = {
						CreatedOnToolsVersion = 8.2.1;
						ProvisioningStyle = Automatic;
					};
				};
			};
			buildConfigurationList = E8BC5FA51EAECD6C003C6472 /* Build configuration list for PBXProject "CPP" */;
			compatibilityVersion = "Xcode 3.2";
			developmentRegion = English;
			hasScannedForEncodings = 0;
			knownRegions = (
				en,
			);
			mainGroup = E8BC5FA11EAECD6C003C6472;
			productRefGroup = E8BC5FAB1EAECD6C003C6472 /* Products */;
			projectDirPath = "";
			projectRoot = "";
			targets = (
				E8BC5FA91EAECD6C003C6472 /* CPP */,
			);
		};
/* End PBXProject section */

/* Begin PBXSourcesBuildPhase section */
		E8BC5FA61EAECD6C003C6472 /* Sources */ = {
			isa = PBXSourcesBuildPhase;
			buildActionMask = 2147483647;
			files = (
				E87593DA1EAF05E600FE3ABA /* Conditionals.cpp in Sources */,
				E87593DD1EAFA7D000FE3ABA /* Arrays.cpp in Sources */,
				E8BC5FAE1EAECD6C003C6472 /* main.cpp in Sources */,
				E87593D61EAEF7B200FE3ABA /* Operators.cpp in Sources */,
			);
			runOnlyForDeploymentPostprocessing = 0;
		};
/* End PBXSourcesBuildPhase section */

/* Begin XCBuildConfiguration section */
		E8BC5FAF1EAECD6C003C6472 /* Debug */ = {
			isa = XCBuildConfiguration;
			buildSettings = {
				ALWAYS_SEARCH_USER_PATHS = NO;
				CLANG_ANALYZER_NONNULL = YES;
				CLANG_CXX_LANGUAGE_STANDARD = "gnu++0x";
				CLANG_CXX_LIBRARY = "libc++";
				CLANG_ENABLE_MODULES = YES;
				CLANG_ENABLE_OBJC_ARC = YES;
				CLANG_WARN_BOOL_CONVERSION = YES;
				CLANG_WARN_CONSTANT_CONVERSION = YES;
				CLANG_WARN_DIRECT_OBJC_ISA_USAGE = YES_ERROR;
				CLANG_WARN_DOCUMENTATION_COMMENTS = YES;
				CLANG_WARN_EMPTY_BODY = YES;
				CLANG_WARN_ENUM_CONVERSION = YES;
				CLANG_WARN_INFINITE_RECURSION = YES;
				CLANG_WARN_INT_CONVERSION = YES;
				CLANG_WARN_OBJC_ROOT_CLASS = YES_ERROR;
				CLANG_WARN_SUSPICIOUS_MOVE = YES;
				CLANG_WARN_UNREACHABLE_CODE = YES;
				CLANG_WARN__DUPLICATE_METHOD_MATCH = YES;
				CODE_SIGN_IDENTITY = "-";
				COPY_PHASE_STRIP = NO;
				DEBUG_INFORMATION_FORMAT = dwarf;
				ENABLE_STRICT_OBJC_MSGSEND = YES;
				ENABLE_TESTABILITY = YES;
				GCC_C_LANGUAGE_STANDARD = gnu99;
				GCC_DYNAMIC_NO_PIC = NO;
				GCC_NO_COMMON_BLOCKS = YES;
				GCC_OPTIMIZATION_LEVEL = 0;
				GCC_PREPROCESSOR_DEFINITIONS = (
					"DEBUG=1",
					"$(inherited)",
				);
				GCC_WARN_64_TO_32_BIT_CONVERSION = YES;
				GCC_WARN_ABOUT_RETURN_TYPE = YES_ERROR;
				GCC_WARN_UNDECLARED_SELECTOR = YES;
				GCC_WARN_UNINITIALIZED_AUTOS = YES_AGGRESSIVE;
				GCC_WARN_UNUSED_FUNCTION = YES;
				GCC_WARN_UNUSED_VARIABLE = YES;
				MACOSX_DEPLOYMENT_TARGET = 10.11;
				MTL_ENABLE_DEBUG_INFO = YES;
				ONLY_ACTIVE_ARCH = YES;
				SDKROOT = macosx;
			};
			name = Debug;
		};
		E8BC5FB01EAECD6C003C6472 /* Release */ = {
			isa = XCBuildConfiguration;
			buildSettings = {
				ALWAYS_SEARCH_USER_PATHS = NO;
				CLANG_ANALYZER_NONNULL = YES;
				CLANG_CXX_LANGUAGE_STANDARD = "gnu++0x";
				CLANG_CXX_LIBRARY = "libc++";
				CLANG_ENABLE_MODULES = YES;
				CLANG_ENABLE_OBJC_ARC = YES;
				CLANG_WARN_BOOL_CONVERSION = YES;
				CLANG_WARN_CONSTANT_CONVERSION = YES;
				CLANG_WARN_DIRECT_OBJC_ISA_USAGE = YES_ERROR;
				CLANG_WARN_DOCUMENTATION_COMMENTS = YES;
				CLANG_WARN_EMPTY_BODY = YES;
				CLANG_WARN_ENUM_CONVERSION = YES;
				CLANG_WARN_INFINITE_RECURSION = YES;
				CLANG_WARN_INT_CONVERSION = YES;
				CLANG_WARN_OBJC_ROOT_CLASS = YES_ERROR;
				CLANG_WARN_SUSPICIOUS_MOVE = YES;
				CLANG_WARN_UNREACHABLE_CODE = YES;
				CLANG_WARN__DUPLICATE_METHOD_MATCH = YES;
				CODE_SIGN_IDENTITY = "-";
				COPY_PHASE_STRIP = NO;
				DEBUG_INFORMATION_FORMAT = "dwarf-with-dsym";
				ENABLE_NS_ASSERTIONS = NO;
				ENABLE_STRICT_OBJC_MSGSEND = YES;
				GCC_C_LANGUAGE_STANDARD = gnu99;
				GCC_NO_COMMON_BLOCKS = YES;
				GCC_WARN_64_TO_32_BIT_CONVERSION = YES;
				GCC_WARN_ABOUT_RETURN_TYPE = YES_ERROR;
				GCC_WARN_UNDECLARED_SELECTOR = YES;
				GCC_WARN_UNINITIALIZED_AUTOS = YES_AGGRESSIVE;
				GCC_WARN_UNUSED_FUNCTION = YES;
				GCC_WARN_UNUSED_VARIABLE = YES;
				MACOSX_DEPLOYMENT_TARGET = 10.11;
				MTL_ENABLE_DEBUG_INFO = NO;
				SDKROOT = macosx;
			};
			name = Release;
		};
		E8BC5FB21EAECD6C003C6472 /* Debug */ = {
			isa = XCBuildConfiguration;
			buildSettings = {
				PRODUCT_NAME = "$(TARGET_NAME)";
			};
			name = Debug;
		};
		E8BC5FB31EAECD6C003C6472 /* Release */ = {
			isa = XCBuildConfiguration;
			buildSettings = {
				PRODUCT_NAME = "$(TARGET_NAME)";
			};
			name = Release;
		};
/* End XCBuildConfiguration section */

/* Begin XCConfigurationList section */
		E8BC5FA51EAECD6C003C6472 /* Build configuration list for PBXProject "CPP" */ = {
			isa = XCConfigurationList;
			buildConfigurations = (
				E8BC5FAF1EAECD6C003C6472 /* Debug */,
				E8BC5FB01EAECD6C003C6472 /* Release */,
			);
			defaultConfigurationIsVisible = 0;
			defaultConfigurationName = Release;
		};
		E8BC5FB11EAECD6C003C6472 /* Build configuration list for PBXNativeTarget "CPP" */ = {
			isa = XCConfigurationList;
			buildConfigurations = (
				E8BC5FB21EAECD6C003C6472 /* Debug */,
				E8BC5FB31EAECD6C003C6472 /* Release */,
			);
			defaultConfigurationIsVisible = 0;
			defaultConfigurationName = Release;
		};
/* End XCConfigurationList section */
	};
	rootObject = E8BC5FA21EAECD6C003C6472 /* Project object */;
}
