// !$*UTF8*$!
{
	archiveVersion = 1;
	classes = {
	};
	objectVersion = 46;
	objects = {

/* Begin PBXFileReference section */
		E874BA3C1EAECCEB0012AE54 /* index.cpp */ = {isa = PBXFileReference; lastKnownFileType = sourcecode.cpp.cpp; path = index.cpp; sourceTree = "<group>"; };
		E874BA3D1EAECCEB0012AE54 /* index.hpp */ = {isa = PBXFileReference; lastKnownFileType = sourcecode.cpp.h; path = index.hpp; sourceTree = "<group>"; };
/* End PBXFileReference section */

/* Begin PBXGroup section */
		E874BA351EAECCD60012AE54 = {
			isa = PBXGroup;
			children = (
				E874BA3C1EAECCEB0012AE54 /* index.cpp */,
				E874BA3D1EAECCEB0012AE54 /* index.hpp */,
			);
			sourceTree = "<group>";
		};
/* End PBXGroup section */

/* Begin PBXProject section */
		E874BA361EAECCD60012AE54 /* Project object */ = {
			isa = PBXProject;
			attributes = {
				LastUpgradeCheck = 0820;
			};
			buildConfigurationList = E874BA391EAECCD60012AE54 /* Build configuration list for PBXProject "C++" */;
			compatibilityVersion = "Xcode 3.2";
			developmentRegion = English;
			hasScannedForEncodings = 0;
			knownRegions = (
				en,
			);
			mainGroup = E874BA351EAECCD60012AE54;
			projectDirPath = "";
			projectRoot = "";
			targets = (
			);
		};
/* End PBXProject section */

/* Begin XCBuildConfiguration section */
		E874BA3A1EAECCD60012AE54 /* Debug */ = {
			isa = XCBuildConfiguration;
			buildSettings = {
			};
			name = Debug;
		};
		E874BA3B1EAECCD60012AE54 /* Release */ = {
			isa = XCBuildConfiguration;
			buildSettings = {
			};
			name = Release;
		};
/* End XCBuildConfiguration section */

/* Begin XCConfigurationList section */
		E874BA391EAECCD60012AE54 /* Build configuration list for PBXProject "C++" */ = {
			isa = XCConfigurationList;
			buildConfigurations = (
				E874BA3A1EAECCD60012AE54 /* Debug */,
				E874BA3B1EAECCD60012AE54 /* Release */,
			);
			defaultConfigurationIsVisible = 0;
			defaultConfigurationName = Release;
		};
/* End XCConfigurationList section */
	};
	rootObject = E874BA361EAECCD60012AE54 /* Project object */;
}
